
Microsoft Visual Studio Solution File, Format Version 12.00
# Visual Studio Version 16
VisualStudioVersion = 16.0.32602.291
MinimumVisualStudioVersion = 10.0.40219.1
Project("{FAE04EC0-301F-11D3-BF4B-00C04F79EFBC}") = "WebApplication2", "WebApplication2\WebApplication2.csproj", "{9552E392-0E1E-4613-B239-D90C6D0CFA2B}"
EndProject
Global
	GlobalSection(SolutionConfigurationPlatforms) = preSolution
		Debug|Any CPU = Debug|Any CPU
		Release|Any CPU = Release|Any CPU
	EndGlobalSection
	GlobalSection(ProjectConfigurationPlatforms) = postSolution
		{9552E392-0E1E-4613-B239-D90C6D0CFA2B}.Debug|Any CPU.ActiveCfg = Debug|Any CPU
		{9552E392-0E1E-4613-B239-D90C6D0CFA2B}.Debug|Any CPU.Build.0 = Debug|Any CPU
		{9552E392-0E1E-4613-B239-D90C6D0CFA2B}.Release|Any CPU.ActiveCfg = Release|Any CPU
		{9552E392-0E1E-4613-B239-D90C6D0CFA2B}.Release|Any CPU.Build.0 = Release|Any CPU
	EndGlobalSection
	GlobalSection(SolutionProperties) = preSolution
		HideSolutionNode = FALSE
	EndGlobalSection
	GlobalSection(ExtensibilityGlobals) = postSolution
		SolutionGuid = {89E89286-E975-46A9-8D10-E6177DB51457}
	EndGlobalSection
EndGlobal
